
Microsoft Visual Studio Solution File, Format Version 12.00
# Visual Studio Version 16
VisualStudioVersion = 16.0.33423.256
MinimumVisualStudioVersion = 10.0.40219.1
Project("{8BC9CEB8-8B4A-11D0-8D11-00A0C91BC942}") = "ChessGame", "ChessGame\ChessGame.vcxproj", "{E863D9D4-A1A2-4330-8861-997133A0A41D}"
EndProject
Global
	GlobalSection(SolutionConfigurationPlatforms) = preSolution
		Debug|x64 = Debug|x64
		Debug|x86 = Debug|x86
		Release|x64 = Release|x64
		Release|x86 = Release|x86
	EndGlobalSection
	GlobalSection(ProjectConfigurationPlatforms) = postSolution
		{E863D9D4-A1A2-4330-8861-997133A0A41D}.Debug|x64.ActiveCfg = Debug|x64
		{E863D9D4-A1A2-4330-8861-997133A0A41D}.Debug|x64.Build.0 = Debug|x64
		{E863D9D4-A1A2-4330-8861-997133A0A41D}.Debug|x86.ActiveCfg = Debug|Win32
		{E863D9D4-A1A2-4330-8861-997133A0A41D}.Debug|x86.Build.0 = Debug|Win32
		{E863D9D4-A1A2-4330-8861-997133A0A41D}.Release|x64.ActiveCfg = Release|x64
		{E863D9D4-A1A2-4330-8861-997133A0A41D}.Release|x64.Build.0 = Release|x64
		{E863D9D4-A1A2-4330-8861-997133A0A41D}.Release|x86.ActiveCfg = Release|Win32
		{E863D9D4-A1A2-4330-8861-997133A0A41D}.Release|x86.Build.0 = Release|Win32
	EndGlobalSection
	GlobalSection(SolutionProperties) = preSolution
		HideSolutionNode = FALSE
	EndGlobalSection
	GlobalSection(ExtensibilityGlobals) = postSolution
		SolutionGuid = {F6C14020-FD3A-4824-A53D-D92A129E22DA}
	EndGlobalSection
EndGlobal
